
Microsoft Visual Studio Solution File, Format Version 12.00
# Visual Studio Version 16
VisualStudioVersion = 16.0.30309.148
MinimumVisualStudioVersion = 10.0.40219.1
Project("{FAE04EC0-301F-11D3-BF4B-00C04F79EFBC}") = "PangramAlphabetChallenge", "PangramAlphabetChallenge\PangramAlphabetChallenge.csproj", "{B6EDC1BA-C8B4-4F8F-80A1-6E3DF5107C80}"
EndProject
Project("{FAE04EC0-301F-11D3-BF4B-00C04F79EFBC}") = "HappyNumbers", "HappyNumbers\HappyNumbers.csproj", "{8BCA9852-719F-42EC-9D55-867D8994A226}"
EndProject
Project("{FAE04EC0-301F-11D3-BF4B-00C04F79EFBC}") = "SumNumbersOneToN", "SumNumbersOneToN\SumNumbersOneToN.csproj", "{4202C4E4-B52E-40D1-8D8A-F607558CEC9C}"
EndProject
Project("{FAE04EC0-301F-11D3-BF4B-00C04F79EFBC}") = "DiagonalDifference", "DiagonalDifference\DiagonalDifference.csproj", "{AB40CF52-DEFE-4071-8CE0-0C1CE29FC5F8}"
EndProject
Project("{FAE04EC0-301F-11D3-BF4B-00C04F79EFBC}") = "Staircase", "Staircase\Staircase.csproj", "{4ACCA364-8C31-4848-B12E-39B396B32225}"
EndProject
Project("{FAE04EC0-301F-11D3-BF4B-00C04F79EFBC}") = "FindElementInSortedRotatedArray", "FindElementInSortedRotatedArray\FindElementInSortedRotatedArray.csproj", "{31E41AFE-B87F-456A-897B-A9E90BC48548}"
EndProject
Project("{FAE04EC0-301F-11D3-BF4B-00C04F79EFBC}") = "TimeConversion", "TimeConversion\TimeConversion.csproj", "{36B1E013-3CE6-44BD-AEFF-4BA3F7FBFC3B}"
EndProject
Project("{FAE04EC0-301F-11D3-BF4B-00C04F79EFBC}") = "Palindrome Permutations", "Palindrome Permutations\Palindrome Permutations.csproj", "{DADC34FA-87B1-4763-BAC2-FCF9C9E9E2E1}"
EndProject
Project("{FAE04EC0-301F-11D3-BF4B-00C04F79EFBC}") = "StringPermutations", "StringPermutations\StringPermutations.csproj", "{9057C839-01C7-4B87-9784-5F59C8E87024}"
EndProject
Project("{FAE04EC0-301F-11D3-BF4B-00C04F79EFBC}") = "Palindrome", "Palindrome\Palindrome.csproj", "{29AA3DB5-CFE4-453A-AFAD-AF6D06BBA5D4}"
EndProject
Project("{FAE04EC0-301F-11D3-BF4B-00C04F79EFBC}") = "IsUniqueString", "IsUniqueString\IsUniqueString.csproj", "{89915C7A-2B3B-4597-AA61-30B511EBAE23}"
EndProject
Project("{FAE04EC0-301F-11D3-BF4B-00C04F79EFBC}") = "CheckPermutations", "CheckPermutations\CheckPermutations.csproj", "{C17600A2-10BF-4034-AE6A-50760C6BF0A6}"
EndProject
Project("{FAE04EC0-301F-11D3-BF4B-00C04F79EFBC}") = "FizzBuzz", "FizzBuzz\FizzBuzz.csproj", "{A2D91FE0-01B4-4AAA-BF25-59316073226C}"
EndProject
Project("{FAE04EC0-301F-11D3-BF4B-00C04F79EFBC}") = "LinkedList_Reverse", "ReverseLinkedList\LinkedList_Reverse.csproj", "{162A878E-9AD6-4C6F-ABF1-B2E9D880519F}"
EndProject
Project("{FAE04EC0-301F-11D3-BF4B-00C04F79EFBC}") = "ReverseString", "ReverseString\ReverseString.csproj", "{C4C6841B-A462-4DF8-95B9-3B9F04046B7D}"
EndProject
Project("{FAE04EC0-301F-11D3-BF4B-00C04F79EFBC}") = "ReducedString", "ReducedString\ReducedString.csproj", "{DEA04DDF-0DD8-4002-B0F8-660753FE0DF4}"
EndProject
Project("{FAE04EC0-301F-11D3-BF4B-00C04F79EFBC}") = "PolygonMaking", "PolygonMaking\PolygonMaking.csproj", "{22CD4B8B-962E-4250-8957-ABCAC5CD1C12}"
EndProject
Project("{FAE04EC0-301F-11D3-BF4B-00C04F79EFBC}") = "MarbleTest", "MarbleTest\MarbleTest.csproj", "{91DD0E3A-A77C-42C7-8056-993116185C36}"
EndProject
Project("{FAE04EC0-301F-11D3-BF4B-00C04F79EFBC}") = "MaximumRepeatedNumbers", "MaximumRepeatedNumbers\MaximumRepeatedNumbers.csproj", "{06AE322A-B6CC-4794-AAC8-889E655D3088}"
EndProject
Project("{FAE04EC0-301F-11D3-BF4B-00C04F79EFBC}") = "FindDuplicate_SpaceEdition", "FindDuplicate_SpaceEdition\FindDuplicate_SpaceEdition.csproj", "{C7CB8F64-4D87-4ACA-A81A-A18338FD62BB}"
EndProject
Project("{9A19103F-16F7-4668-BE54-9A1E7A4F7556}") = "Fibonacci_Print", "Fibonacci_Print\Fibonacci_Print.csproj", "{94BF97DA-ECC9-4DB4-9010-86EDBA4B3E31}"
EndProject
Project("{FAE04EC0-301F-11D3-BF4B-00C04F79EFBC}") = "SortArrays", "SortArrays\SortArrays.csproj", "{AB362959-51A5-44C8-9447-32FFA9C1E2C2}"
EndProject
Project("{FAE04EC0-301F-11D3-BF4B-00C04F79EFBC}") = "Mini-Max Sum", "Mini-Max Sum\Mini-Max Sum.csproj", "{093529A7-0F03-4C34-83AE-868795EB3678}"
EndProject
Project("{FAE04EC0-301F-11D3-BF4B-00C04F79EFBC}") = "Birthday Cake Candles", "Birthday Cake Candles\Birthday Cake Candles.csproj", "{D8A01DF5-7048-4751-9545-A8C7C9FC7B79}"
EndProject
Project("{FAE04EC0-301F-11D3-BF4B-00C04F79EFBC}") = "GradingStudents", "GradingStudents\GradingStudents.csproj", "{0FD975F8-5302-48CC-8629-EE50476F7479}"
EndProject
Project("{FAE04EC0-301F-11D3-BF4B-00C04F79EFBC}") = "Pairs", "Pairs\Pairs.csproj", "{0A1B84B6-DEF9-49F7-815F-2E7227094B91}"
EndProject
Project("{FAE04EC0-301F-11D3-BF4B-00C04F79EFBC}") = "ExtraLongFactorial", "ExtraLongFactorial\ExtraLongFactorial.csproj", "{74FE5D41-53FB-4F27-B6C2-2595C5F1808C}"
EndProject
Project("{9A19103F-16F7-4668-BE54-9A1E7A4F7556}") = "BigSorting", "BigSorting\BigSorting.csproj", "{D29940D8-4A8F-4B6E-A6D0-E80B1E1F9F78}"
EndProject
Project("{9A19103F-16F7-4668-BE54-9A1E7A4F7556}") = "ShuffleDeckOfCards", "ShuffleDeckOfCards\ShuffleDeckOfCards.csproj", "{377128D0-E299-4626-974C-9253F571F904}"
EndProject
Project("{FAE04EC0-301F-11D3-BF4B-00C04F79EFBC}") = "MakingAnagrams", "MakingAnagrams\MakingAnagrams.csproj", "{0377E9AE-C895-4AC1-AE8D-8063A56D0406}"
EndProject
Project("{FAE04EC0-301F-11D3-BF4B-00C04F79EFBC}") = "LeftRotation", "LeftRotation\LeftRotation.csproj", "{5D91EC1B-993A-4CA4-9875-6513033FD5B9}"
EndProject
Project("{FAE04EC0-301F-11D3-BF4B-00C04F79EFBC}") = "RansomNote", "RansomNote\RansomNote.csproj", "{23FE8D6C-166D-41D0-9058-BFAE848919AD}"
EndProject
Project("{FAE04EC0-301F-11D3-BF4B-00C04F79EFBC}") = "LinkedList_DetectCycle", "LinkedList_DetectCycle\LinkedList_DetectCycle.csproj", "{C9CC17EE-B37F-4171-9467-5480C17CC21B}"
EndProject
Project("{FAE04EC0-301F-11D3-BF4B-00C04F79EFBC}") = "StockPrices", "StockPrices\StockPrices.csproj", "{1F88CEBF-78D8-463A-BA4D-13ABED0CFE07}"
EndProject
Project("{FAE04EC0-301F-11D3-BF4B-00C04F79EFBC}") = "ProductOfInts", "ProductOfInts\ProductOfInts.csproj", "{0E18F06A-2716-4F74-8784-E423A7F3B3B4}"
EndProject
Project("{FAE04EC0-301F-11D3-BF4B-00C04F79EFBC}") = "ProductOfHighest3Ints", "ProductOfHighest3Ints\ProductOfHighest3Ints.csproj", "{5752D7BB-9D7D-4537-B3F1-B6EBD5494930}"
EndProject
Project("{FAE04EC0-301F-11D3-BF4B-00C04F79EFBC}") = "AddOne", "AddOne\AddOne.csproj", "{83ADE8E5-5B60-465A-AD47-FAEF7770CCE5}"
EndProject
Project("{FAE04EC0-301F-11D3-BF4B-00C04F79EFBC}") = "FindSmallestRange", "FindSmallestRange\FindSmallestRange.csproj", "{EBC95E3A-72E4-4085-B735-DFF834FA8256}"
EndProject
Project("{FAE04EC0-301F-11D3-BF4B-00C04F79EFBC}") = "AnagramSubstring", "AnagramSubstring\AnagramSubstring.csproj", "{65CE4D2A-457C-4358-BA49-5CC51E015E05}"
EndProject
Project("{FAE04EC0-301F-11D3-BF4B-00C04F79EFBC}") = "LinkedList_RemoveDups", "LinkedList_RemoveDups\LinkedList_RemoveDups.csproj", "{19EC63EF-9B68-442D-9B9D-94E49FBA91AA}"
EndProject
Project("{FAE04EC0-301F-11D3-BF4B-00C04F79EFBC}") = "BalancedBrackets", "..\ProgrammingLessons\BalancedBrackets\BalancedBrackets.csproj", "{5CFF2382-7347-4E39-880F-52C67563DD74}"
EndProject
Project("{FAE04EC0-301F-11D3-BF4B-00C04F79EFBC}") = "LinkedList_DeleteMiddleNode", "LinkedList_DeleteMiddleNode\LinkedList_DeleteMiddleNode.csproj", "{7A6B569C-634E-4A96-8497-39FA5E6BD151}"
EndProject
Project("{FAE04EC0-301F-11D3-BF4B-00C04F79EFBC}") = "MinimalTree", "MinimalTree\MinimalTree.csproj", "{E0EC6F7E-88B5-4F76-8592-B6CD2FE442FC}"
EndProject
Project("{FAE04EC0-301F-11D3-BF4B-00C04F79EFBC}") = "Time_Complexity_Primality", "Time_Complexity_Primality\Time_Complexity_Primality.csproj", "{9CE28B97-22C1-40B7-833F-1CBF1533BFF4}"
EndProject
Project("{9A19103F-16F7-4668-BE54-9A1E7A4F7556}") = "Google_Question_PreviousDigitCount", "Google_Question_PreviousDigitCount\Google_Question_PreviousDigitCount.csproj", "{E3B269BE-7DB9-4538-B041-AD987D643EB6}"
EndProject
Project("{9A19103F-16F7-4668-BE54-9A1E7A4F7556}") = "FindMissingNumbers", "FindMissingNumbers\FindMissingNumbers.csproj", "{535AF2AD-D8D7-4C8A-B662-E1D291B120BD}"
EndProject
Project("{9A19103F-16F7-4668-BE54-9A1E7A4F7556}") = "Facebook_AlmostPalindrome", "AlmostPalindrome\Facebook_AlmostPalindrome.csproj", "{8E4D5C89-581D-46E8-96E1-A94FADBA2BEA}"
EndProject
Project("{9A19103F-16F7-4668-BE54-9A1E7A4F7556}") = "ShortestPathOfMaze", "ShortestPathOfMaze\ShortestPathOfMaze.csproj", "{61D77575-31D9-43F5-BAC4-993D2536A9F9}"
EndProject
Project("{9A19103F-16F7-4668-BE54-9A1E7A4F7556}") = "3Sum", "3Sum\3Sum.csproj", "{97129A47-0197-489A-8AE6-0E57A9A758AC}"
EndProject
Project("{9A19103F-16F7-4668-BE54-9A1E7A4F7556}") = "CheckIfStringContainsAllBinaryCodeOfSize", "CheckIfStringContainsAllBinaryCodeOfSize\CheckIfStringContainsAllBinaryCodeOfSize.csproj", "{79959EEC-9570-417D-B005-100CC75907C4}"
EndProject
Project("{9A19103F-16F7-4668-BE54-9A1E7A4F7556}") = "GroupAnagrams", "GroupAnagrams\GroupAnagrams.csproj", "{4C9D78E4-AA61-44FA-88B6-7F47A9F876EB}"
EndProject
Project("{9A19103F-16F7-4668-BE54-9A1E7A4F7556}") = "Facebook_SetMatrixZeroes", "SetMatrixZeroes\Facebook_SetMatrixZeroes.csproj", "{D7CFE5D3-AD50-4FA3-95FB-091CED06DAAB}"
EndProject
Project("{FAE04EC0-301F-11D3-BF4B-00C04F79EFBC}") = "BinTreeAsArrayFindLargestBranch", "BinTreeAsArrayFindLargestBranch\BinTreeAsArrayFindLargestBranch.csproj", "{58725809-F3D5-407A-8DAF-8ED95D80899A}"
EndProject
Global
	GlobalSection(SolutionConfigurationPlatforms) = preSolution
		Debug|Any CPU = Debug|Any CPU
		Release|Any CPU = Release|Any CPU
	EndGlobalSection
	GlobalSection(ProjectConfigurationPlatforms) = postSolution
		{B6EDC1BA-C8B4-4F8F-80A1-6E3DF5107C80}.Debug|Any CPU.ActiveCfg = Debug|Any CPU
		{B6EDC1BA-C8B4-4F8F-80A1-6E3DF5107C80}.Debug|Any CPU.Build.0 = Debug|Any CPU
		{B6EDC1BA-C8B4-4F8F-80A1-6E3DF5107C80}.Release|Any CPU.ActiveCfg = Release|Any CPU
		{B6EDC1BA-C8B4-4F8F-80A1-6E3DF5107C80}.Release|Any CPU.Build.0 = Release|Any CPU
		{8BCA9852-719F-42EC-9D55-867D8994A226}.Debug|Any CPU.ActiveCfg = Debug|Any CPU
		{8BCA9852-719F-42EC-9D55-867D8994A226}.Debug|Any CPU.Build.0 = Debug|Any CPU
		{8BCA9852-719F-42EC-9D55-867D8994A226}.Release|Any CPU.ActiveCfg = Release|Any CPU
		{8BCA9852-719F-42EC-9D55-867D8994A226}.Release|Any CPU.Build.0 = Release|Any CPU
		{4202C4E4-B52E-40D1-8D8A-F607558CEC9C}.Debug|Any CPU.ActiveCfg = Debug|Any CPU
		{4202C4E4-B52E-40D1-8D8A-F607558CEC9C}.Debug|Any CPU.Build.0 = Debug|Any CPU
		{4202C4E4-B52E-40D1-8D8A-F607558CEC9C}.Release|Any CPU.ActiveCfg = Release|Any CPU
		{4202C4E4-B52E-40D1-8D8A-F607558CEC9C}.Release|Any CPU.Build.0 = Release|Any CPU
		{AB40CF52-DEFE-4071-8CE0-0C1CE29FC5F8}.Debug|Any CPU.ActiveCfg = Debug|Any CPU
		{AB40CF52-DEFE-4071-8CE0-0C1CE29FC5F8}.Debug|Any CPU.Build.0 = Debug|Any CPU
		{AB40CF52-DEFE-4071-8CE0-0C1CE29FC5F8}.Release|Any CPU.ActiveCfg = Release|Any CPU
		{AB40CF52-DEFE-4071-8CE0-0C1CE29FC5F8}.Release|Any CPU.Build.0 = Release|Any CPU
		{4ACCA364-8C31-4848-B12E-39B396B32225}.Debug|Any CPU.ActiveCfg = Debug|Any CPU
		{4ACCA364-8C31-4848-B12E-39B396B32225}.Debug|Any CPU.Build.0 = Debug|Any CPU
		{4ACCA364-8C31-4848-B12E-39B396B32225}.Release|Any CPU.ActiveCfg = Release|Any CPU
		{4ACCA364-8C31-4848-B12E-39B396B32225}.Release|Any CPU.Build.0 = Release|Any CPU
		{31E41AFE-B87F-456A-897B-A9E90BC48548}.Debug|Any CPU.ActiveCfg = Debug|Any CPU
		{31E41AFE-B87F-456A-897B-A9E90BC48548}.Debug|Any CPU.Build.0 = Debug|Any CPU
		{31E41AFE-B87F-456A-897B-A9E90BC48548}.Release|Any CPU.ActiveCfg = Release|Any CPU
		{31E41AFE-B87F-456A-897B-A9E90BC48548}.Release|Any CPU.Build.0 = Release|Any CPU
		{36B1E013-3CE6-44BD-AEFF-4BA3F7FBFC3B}.Debug|Any CPU.ActiveCfg = Debug|Any CPU
		{36B1E013-3CE6-44BD-AEFF-4BA3F7FBFC3B}.Debug|Any CPU.Build.0 = Debug|Any CPU
		{36B1E013-3CE6-44BD-AEFF-4BA3F7FBFC3B}.Release|Any CPU.ActiveCfg = Release|Any CPU
		{36B1E013-3CE6-44BD-AEFF-4BA3F7FBFC3B}.Release|Any CPU.Build.0 = Release|Any CPU
		{DADC34FA-87B1-4763-BAC2-FCF9C9E9E2E1}.Debug|Any CPU.ActiveCfg = Debug|Any CPU
		{DADC34FA-87B1-4763-BAC2-FCF9C9E9E2E1}.Debug|Any CPU.Build.0 = Debug|Any CPU
		{DADC34FA-87B1-4763-BAC2-FCF9C9E9E2E1}.Release|Any CPU.ActiveCfg = Release|Any CPU
		{DADC34FA-87B1-4763-BAC2-FCF9C9E9E2E1}.Release|Any CPU.Build.0 = Release|Any CPU
		{9057C839-01C7-4B87-9784-5F59C8E87024}.Debug|Any CPU.ActiveCfg = Debug|Any CPU
		{9057C839-01C7-4B87-9784-5F59C8E87024}.Debug|Any CPU.Build.0 = Debug|Any CPU
		{9057C839-01C7-4B87-9784-5F59C8E87024}.Release|Any CPU.ActiveCfg = Release|Any CPU
		{9057C839-01C7-4B87-9784-5F59C8E87024}.Release|Any CPU.Build.0 = Release|Any CPU
		{29AA3DB5-CFE4-453A-AFAD-AF6D06BBA5D4}.Debug|Any CPU.ActiveCfg = Debug|Any CPU
		{29AA3DB5-CFE4-453A-AFAD-AF6D06BBA5D4}.Debug|Any CPU.Build.0 = Debug|Any CPU
		{29AA3DB5-CFE4-453A-AFAD-AF6D06BBA5D4}.Release|Any CPU.ActiveCfg = Release|Any CPU
		{29AA3DB5-CFE4-453A-AFAD-AF6D06BBA5D4}.Release|Any CPU.Build.0 = Release|Any CPU
		{89915C7A-2B3B-4597-AA61-30B511EBAE23}.Debug|Any CPU.ActiveCfg = Debug|Any CPU
		{89915C7A-2B3B-4597-AA61-30B511EBAE23}.Debug|Any CPU.Build.0 = Debug|Any CPU
		{89915C7A-2B3B-4597-AA61-30B511EBAE23}.Release|Any CPU.ActiveCfg = Release|Any CPU
		{89915C7A-2B3B-4597-AA61-30B511EBAE23}.Release|Any CPU.Build.0 = Release|Any CPU
		{C17600A2-10BF-4034-AE6A-50760C6BF0A6}.Debug|Any CPU.ActiveCfg = Debug|Any CPU
		{C17600A2-10BF-4034-AE6A-50760C6BF0A6}.Debug|Any CPU.Build.0 = Debug|Any CPU
		{C17600A2-10BF-4034-AE6A-50760C6BF0A6}.Release|Any CPU.ActiveCfg = Release|Any CPU
		{C17600A2-10BF-4034-AE6A-50760C6BF0A6}.Release|Any CPU.Build.0 = Release|Any CPU
		{A2D91FE0-01B4-4AAA-BF25-59316073226C}.Debug|Any CPU.ActiveCfg = Debug|Any CPU
		{A2D91FE0-01B4-4AAA-BF25-59316073226C}.Debug|Any CPU.Build.0 = Debug|Any CPU
		{A2D91FE0-01B4-4AAA-BF25-59316073226C}.Release|Any CPU.ActiveCfg = Release|Any CPU
		{A2D91FE0-01B4-4AAA-BF25-59316073226C}.Release|Any CPU.Build.0 = Release|Any CPU
		{162A878E-9AD6-4C6F-ABF1-B2E9D880519F}.Debug|Any CPU.ActiveCfg = Debug|Any CPU
		{162A878E-9AD6-4C6F-ABF1-B2E9D880519F}.Debug|Any CPU.Build.0 = Debug|Any CPU
		{162A878E-9AD6-4C6F-ABF1-B2E9D880519F}.Release|Any CPU.ActiveCfg = Release|Any CPU
		{162A878E-9AD6-4C6F-ABF1-B2E9D880519F}.Release|Any CPU.Build.0 = Release|Any CPU
		{C4C6841B-A462-4DF8-95B9-3B9F04046B7D}.Debug|Any CPU.ActiveCfg = Debug|Any CPU
		{C4C6841B-A462-4DF8-95B9-3B9F04046B7D}.Debug|Any CPU.Build.0 = Debug|Any CPU
		{C4C6841B-A462-4DF8-95B9-3B9F04046B7D}.Release|Any CPU.ActiveCfg = Release|Any CPU
		{C4C6841B-A462-4DF8-95B9-3B9F04046B7D}.Release|Any CPU.Build.0 = Release|Any CPU
		{DEA04DDF-0DD8-4002-B0F8-660753FE0DF4}.Debug|Any CPU.ActiveCfg = Debug|Any CPU
		{DEA04DDF-0DD8-4002-B0F8-660753FE0DF4}.Debug|Any CPU.Build.0 = Debug|Any CPU
		{DEA04DDF-0DD8-4002-B0F8-660753FE0DF4}.Release|Any CPU.ActiveCfg = Release|Any CPU
		{DEA04DDF-0DD8-4002-B0F8-660753FE0DF4}.Release|Any CPU.Build.0 = Release|Any CPU
		{22CD4B8B-962E-4250-8957-ABCAC5CD1C12}.Debug|Any CPU.ActiveCfg = Debug|Any CPU
		{22CD4B8B-962E-4250-8957-ABCAC5CD1C12}.Debug|Any CPU.Build.0 = Debug|Any CPU
		{22CD4B8B-962E-4250-8957-ABCAC5CD1C12}.Release|Any CPU.ActiveCfg = Release|Any CPU
		{22CD4B8B-962E-4250-8957-ABCAC5CD1C12}.Release|Any CPU.Build.0 = Release|Any CPU
		{91DD0E3A-A77C-42C7-8056-993116185C36}.Debug|Any CPU.ActiveCfg = Debug|Any CPU
		{91DD0E3A-A77C-42C7-8056-993116185C36}.Debug|Any CPU.Build.0 = Debug|Any CPU
		{91DD0E3A-A77C-42C7-8056-993116185C36}.Release|Any CPU.ActiveCfg = Release|Any CPU
		{91DD0E3A-A77C-42C7-8056-993116185C36}.Release|Any CPU.Build.0 = Release|Any CPU
		{06AE322A-B6CC-4794-AAC8-889E655D3088}.Debug|Any CPU.ActiveCfg = Debug|Any CPU
		{06AE322A-B6CC-4794-AAC8-889E655D3088}.Debug|Any CPU.Build.0 = Debug|Any CPU
		{06AE322A-B6CC-4794-AAC8-889E655D3088}.Release|Any CPU.ActiveCfg = Release|Any CPU
		{06AE322A-B6CC-4794-AAC8-889E655D3088}.Release|Any CPU.Build.0 = Release|Any CPU
		{C7CB8F64-4D87-4ACA-A81A-A18338FD62BB}.Debug|Any CPU.ActiveCfg = Debug|Any CPU
		{C7CB8F64-4D87-4ACA-A81A-A18338FD62BB}.Debug|Any CPU.Build.0 = Debug|Any CPU
		{C7CB8F64-4D87-4ACA-A81A-A18338FD62BB}.Release|Any CPU.ActiveCfg = Release|Any CPU
		{C7CB8F64-4D87-4ACA-A81A-A18338FD62BB}.Release|Any CPU.Build.0 = Release|Any CPU
		{94BF97DA-ECC9-4DB4-9010-86EDBA4B3E31}.Debug|Any CPU.ActiveCfg = Debug|Any CPU
		{94BF97DA-ECC9-4DB4-9010-86EDBA4B3E31}.Debug|Any CPU.Build.0 = Debug|Any CPU
		{94BF97DA-ECC9-4DB4-9010-86EDBA4B3E31}.Release|Any CPU.ActiveCfg = Release|Any CPU
		{94BF97DA-ECC9-4DB4-9010-86EDBA4B3E31}.Release|Any CPU.Build.0 = Release|Any CPU
		{AB362959-51A5-44C8-9447-32FFA9C1E2C2}.Debug|Any CPU.ActiveCfg = Debug|Any CPU
		{AB362959-51A5-44C8-9447-32FFA9C1E2C2}.Debug|Any CPU.Build.0 = Debug|Any CPU
		{AB362959-51A5-44C8-9447-32FFA9C1E2C2}.Release|Any CPU.ActiveCfg = Release|Any CPU
		{AB362959-51A5-44C8-9447-32FFA9C1E2C2}.Release|Any CPU.Build.0 = Release|Any CPU
		{093529A7-0F03-4C34-83AE-868795EB3678}.Debug|Any CPU.ActiveCfg = Debug|Any CPU
		{093529A7-0F03-4C34-83AE-868795EB3678}.Debug|Any CPU.Build.0 = Debug|Any CPU
		{093529A7-0F03-4C34-83AE-868795EB3678}.Release|Any CPU.ActiveCfg = Release|Any CPU
		{093529A7-0F03-4C34-83AE-868795EB3678}.Release|Any CPU.Build.0 = Release|Any CPU
		{D8A01DF5-7048-4751-9545-A8C7C9FC7B79}.Debug|Any CPU.ActiveCfg = Debug|Any CPU
		{D8A01DF5-7048-4751-9545-A8C7C9FC7B79}.Debug|Any CPU.Build.0 = Debug|Any CPU
		{D8A01DF5-7048-4751-9545-A8C7C9FC7B79}.Release|Any CPU.ActiveCfg = Release|Any CPU
		{D8A01DF5-7048-4751-9545-A8C7C9FC7B79}.Release|Any CPU.Build.0 = Release|Any CPU
		{0FD975F8-5302-48CC-8629-EE50476F7479}.Debug|Any CPU.ActiveCfg = Debug|Any CPU
		{0FD975F8-5302-48CC-8629-EE50476F7479}.Debug|Any CPU.Build.0 = Debug|Any CPU
		{0FD975F8-5302-48CC-8629-EE50476F7479}.Release|Any CPU.ActiveCfg = Release|Any CPU
		{0FD975F8-5302-48CC-8629-EE50476F7479}.Release|Any CPU.Build.0 = Release|Any CPU
		{0A1B84B6-DEF9-49F7-815F-2E7227094B91}.Debug|Any CPU.ActiveCfg = Debug|Any CPU
		{0A1B84B6-DEF9-49F7-815F-2E7227094B91}.Debug|Any CPU.Build.0 = Debug|Any CPU
		{0A1B84B6-DEF9-49F7-815F-2E7227094B91}.Release|Any CPU.ActiveCfg = Release|Any CPU
		{0A1B84B6-DEF9-49F7-815F-2E7227094B91}.Release|Any CPU.Build.0 = Release|Any CPU
		{74FE5D41-53FB-4F27-B6C2-2595C5F1808C}.Debug|Any CPU.ActiveCfg = Debug|Any CPU
		{74FE5D41-53FB-4F27-B6C2-2595C5F1808C}.Debug|Any CPU.Build.0 = Debug|Any CPU
		{74FE5D41-53FB-4F27-B6C2-2595C5F1808C}.Release|Any CPU.ActiveCfg = Release|Any CPU
		{74FE5D41-53FB-4F27-B6C2-2595C5F1808C}.Release|Any CPU.Build.0 = Release|Any CPU
		{D29940D8-4A8F-4B6E-A6D0-E80B1E1F9F78}.Debug|Any CPU.ActiveCfg = Debug|Any CPU
		{D29940D8-4A8F-4B6E-A6D0-E80B1E1F9F78}.Debug|Any CPU.Build.0 = Debug|Any CPU
		{D29940D8-4A8F-4B6E-A6D0-E80B1E1F9F78}.Release|Any CPU.ActiveCfg = Release|Any CPU
		{D29940D8-4A8F-4B6E-A6D0-E80B1E1F9F78}.Release|Any CPU.Build.0 = Release|Any CPU
		{377128D0-E299-4626-974C-9253F571F904}.Debug|Any CPU.ActiveCfg = Debug|Any CPU
		{377128D0-E299-4626-974C-9253F571F904}.Debug|Any CPU.Build.0 = Debug|Any CPU
		{377128D0-E299-4626-974C-9253F571F904}.Release|Any CPU.ActiveCfg = Release|Any CPU
		{377128D0-E299-4626-974C-9253F571F904}.Release|Any CPU.Build.0 = Release|Any CPU
		{0377E9AE-C895-4AC1-AE8D-8063A56D0406}.Debug|Any CPU.ActiveCfg = Debug|Any CPU
		{0377E9AE-C895-4AC1-AE8D-8063A56D0406}.Debug|Any CPU.Build.0 = Debug|Any CPU
		{0377E9AE-C895-4AC1-AE8D-8063A56D0406}.Release|Any CPU.ActiveCfg = Release|Any CPU
		{0377E9AE-C895-4AC1-AE8D-8063A56D0406}.Release|Any CPU.Build.0 = Release|Any CPU
		{5D91EC1B-993A-4CA4-9875-6513033FD5B9}.Debug|Any CPU.ActiveCfg = Debug|Any CPU
		{5D91EC1B-993A-4CA4-9875-6513033FD5B9}.Debug|Any CPU.Build.0 = Debug|Any CPU
		{5D91EC1B-993A-4CA4-9875-6513033FD5B9}.Release|Any CPU.ActiveCfg = Release|Any CPU
		{5D91EC1B-993A-4CA4-9875-6513033FD5B9}.Release|Any CPU.Build.0 = Release|Any CPU
		{23FE8D6C-166D-41D0-9058-BFAE848919AD}.Debug|Any CPU.ActiveCfg = Debug|Any CPU
		{23FE8D6C-166D-41D0-9058-BFAE848919AD}.Debug|Any CPU.Build.0 = Debug|Any CPU
		{23FE8D6C-166D-41D0-9058-BFAE848919AD}.Release|Any CPU.ActiveCfg = Release|Any CPU
		{23FE8D6C-166D-41D0-9058-BFAE848919AD}.Release|Any CPU.Build.0 = Release|Any CPU
		{C9CC17EE-B37F-4171-9467-5480C17CC21B}.Debug|Any CPU.ActiveCfg = Debug|Any CPU
		{C9CC17EE-B37F-4171-9467-5480C17CC21B}.Debug|Any CPU.Build.0 = Debug|Any CPU
		{C9CC17EE-B37F-4171-9467-5480C17CC21B}.Release|Any CPU.ActiveCfg = Release|Any CPU
		{C9CC17EE-B37F-4171-9467-5480C17CC21B}.Release|Any CPU.Build.0 = Release|Any CPU
		{1F88CEBF-78D8-463A-BA4D-13ABED0CFE07}.Debug|Any CPU.ActiveCfg = Debug|Any CPU
		{1F88CEBF-78D8-463A-BA4D-13ABED0CFE07}.Debug|Any CPU.Build.0 = Debug|Any CPU
		{1F88CEBF-78D8-463A-BA4D-13ABED0CFE07}.Release|Any CPU.ActiveCfg = Release|Any CPU
		{1F88CEBF-78D8-463A-BA4D-13ABED0CFE07}.Release|Any CPU.Build.0 = Release|Any CPU
		{0E18F06A-2716-4F74-8784-E423A7F3B3B4}.Debug|Any CPU.ActiveCfg = Debug|Any CPU
		{0E18F06A-2716-4F74-8784-E423A7F3B3B4}.Debug|Any CPU.Build.0 = Debug|Any CPU
		{0E18F06A-2716-4F74-8784-E423A7F3B3B4}.Release|Any CPU.ActiveCfg = Release|Any CPU
		{0E18F06A-2716-4F74-8784-E423A7F3B3B4}.Release|Any CPU.Build.0 = Release|Any CPU
		{5752D7BB-9D7D-4537-B3F1-B6EBD5494930}.Debug|Any CPU.ActiveCfg = Debug|Any CPU
		{5752D7BB-9D7D-4537-B3F1-B6EBD5494930}.Debug|Any CPU.Build.0 = Debug|Any CPU
		{5752D7BB-9D7D-4537-B3F1-B6EBD5494930}.Release|Any CPU.ActiveCfg = Release|Any CPU
		{5752D7BB-9D7D-4537-B3F1-B6EBD5494930}.Release|Any CPU.Build.0 = Release|Any CPU
		{83ADE8E5-5B60-465A-AD47-FAEF7770CCE5}.Debug|Any CPU.ActiveCfg = Debug|Any CPU
		{83ADE8E5-5B60-465A-AD47-FAEF7770CCE5}.Debug|Any CPU.Build.0 = Debug|Any CPU
		{83ADE8E5-5B60-465A-AD47-FAEF7770CCE5}.Release|Any CPU.ActiveCfg = Release|Any CPU
		{83ADE8E5-5B60-465A-AD47-FAEF7770CCE5}.Release|Any CPU.Build.0 = Release|Any CPU
		{EBC95E3A-72E4-4085-B735-DFF834FA8256}.Debug|Any CPU.ActiveCfg = Debug|Any CPU
		{EBC95E3A-72E4-4085-B735-DFF834FA8256}.Debug|Any CPU.Build.0 = Debug|Any CPU
		{EBC95E3A-72E4-4085-B735-DFF834FA8256}.Release|Any CPU.ActiveCfg = Release|Any CPU
		{EBC95E3A-72E4-4085-B735-DFF834FA8256}.Release|Any CPU.Build.0 = Release|Any CPU
		{65CE4D2A-457C-4358-BA49-5CC51E015E05}.Debug|Any CPU.ActiveCfg = Debug|Any CPU
		{65CE4D2A-457C-4358-BA49-5CC51E015E05}.Debug|Any CPU.Build.0 = Debug|Any CPU
		{65CE4D2A-457C-4358-BA49-5CC51E015E05}.Release|Any CPU.ActiveCfg = Release|Any CPU
		{65CE4D2A-457C-4358-BA49-5CC51E015E05}.Release|Any CPU.Build.0 = Release|Any CPU
		{19EC63EF-9B68-442D-9B9D-94E49FBA91AA}.Debug|Any CPU.ActiveCfg = Debug|Any CPU
		{19EC63EF-9B68-442D-9B9D-94E49FBA91AA}.Debug|Any CPU.Build.0 = Debug|Any CPU
		{19EC63EF-9B68-442D-9B9D-94E49FBA91AA}.Release|Any CPU.ActiveCfg = Release|Any CPU
		{19EC63EF-9B68-442D-9B9D-94E49FBA91AA}.Release|Any CPU.Build.0 = Release|Any CPU
		{5CFF2382-7347-4E39-880F-52C67563DD74}.Debug|Any CPU.ActiveCfg = Debug|Any CPU
		{5CFF2382-7347-4E39-880F-52C67563DD74}.Debug|Any CPU.Build.0 = Debug|Any CPU
		{5CFF2382-7347-4E39-880F-52C67563DD74}.Release|Any CPU.ActiveCfg = Release|Any CPU
		{5CFF2382-7347-4E39-880F-52C67563DD74}.Release|Any CPU.Build.0 = Release|Any CPU
		{7A6B569C-634E-4A96-8497-39FA5E6BD151}.Debug|Any CPU.ActiveCfg = Debug|Any CPU
		{7A6B569C-634E-4A96-8497-39FA5E6BD151}.Debug|Any CPU.Build.0 = Debug|Any CPU
		{7A6B569C-634E-4A96-8497-39FA5E6BD151}.Release|Any CPU.ActiveCfg = Release|Any CPU
		{7A6B569C-634E-4A96-8497-39FA5E6BD151}.Release|Any CPU.Build.0 = Release|Any CPU
		{E0EC6F7E-88B5-4F76-8592-B6CD2FE442FC}.Debug|Any CPU.ActiveCfg = Debug|Any CPU
		{E0EC6F7E-88B5-4F76-8592-B6CD2FE442FC}.Debug|Any CPU.Build.0 = Debug|Any CPU
		{E0EC6F7E-88B5-4F76-8592-B6CD2FE442FC}.Release|Any CPU.ActiveCfg = Release|Any CPU
		{E0EC6F7E-88B5-4F76-8592-B6CD2FE442FC}.Release|Any CPU.Build.0 = Release|Any CPU
		{9CE28B97-22C1-40B7-833F-1CBF1533BFF4}.Debug|Any CPU.ActiveCfg = Debug|Any CPU
		{9CE28B97-22C1-40B7-833F-1CBF1533BFF4}.Debug|Any CPU.Build.0 = Debug|Any CPU
		{9CE28B97-22C1-40B7-833F-1CBF1533BFF4}.Release|Any CPU.ActiveCfg = Release|Any CPU
		{9CE28B97-22C1-40B7-833F-1CBF1533BFF4}.Release|Any CPU.Build.0 = Release|Any CPU
		{E3B269BE-7DB9-4538-B041-AD987D643EB6}.Debug|Any CPU.ActiveCfg = Debug|Any CPU
		{E3B269BE-7DB9-4538-B041-AD987D643EB6}.Debug|Any CPU.Build.0 = Debug|Any CPU
		{E3B269BE-7DB9-4538-B041-AD987D643EB6}.Release|Any CPU.ActiveCfg = Release|Any CPU
		{E3B269BE-7DB9-4538-B041-AD987D643EB6}.Release|Any CPU.Build.0 = Release|Any CPU
		{535AF2AD-D8D7-4C8A-B662-E1D291B120BD}.Debug|Any CPU.ActiveCfg = Debug|Any CPU
		{535AF2AD-D8D7-4C8A-B662-E1D291B120BD}.Debug|Any CPU.Build.0 = Debug|Any CPU
		{535AF2AD-D8D7-4C8A-B662-E1D291B120BD}.Release|Any CPU.ActiveCfg = Release|Any CPU
		{535AF2AD-D8D7-4C8A-B662-E1D291B120BD}.Release|Any CPU.Build.0 = Release|Any CPU
		{8E4D5C89-581D-46E8-96E1-A94FADBA2BEA}.Debug|Any CPU.ActiveCfg = Debug|Any CPU
		{8E4D5C89-581D-46E8-96E1-A94FADBA2BEA}.Debug|Any CPU.Build.0 = Debug|Any CPU
		{8E4D5C89-581D-46E8-96E1-A94FADBA2BEA}.Release|Any CPU.ActiveCfg = Release|Any CPU
		{8E4D5C89-581D-46E8-96E1-A94FADBA2BEA}.Release|Any CPU.Build.0 = Release|Any CPU
		{61D77575-31D9-43F5-BAC4-993D2536A9F9}.Debug|Any CPU.ActiveCfg = Debug|Any CPU
		{61D77575-31D9-43F5-BAC4-993D2536A9F9}.Debug|Any CPU.Build.0 = Debug|Any CPU
		{61D77575-31D9-43F5-BAC4-993D2536A9F9}.Release|Any CPU.ActiveCfg = Release|Any CPU
		{61D77575-31D9-43F5-BAC4-993D2536A9F9}.Release|Any CPU.Build.0 = Release|Any CPU
		{97129A47-0197-489A-8AE6-0E57A9A758AC}.Debug|Any CPU.ActiveCfg = Debug|Any CPU
		{97129A47-0197-489A-8AE6-0E57A9A758AC}.Debug|Any CPU.Build.0 = Debug|Any CPU
		{97129A47-0197-489A-8AE6-0E57A9A758AC}.Release|Any CPU.ActiveCfg = Release|Any CPU
		{97129A47-0197-489A-8AE6-0E57A9A758AC}.Release|Any CPU.Build.0 = Release|Any CPU
		{79959EEC-9570-417D-B005-100CC75907C4}.Debug|Any CPU.ActiveCfg = Debug|Any CPU
		{79959EEC-9570-417D-B005-100CC75907C4}.Debug|Any CPU.Build.0 = Debug|Any CPU
		{79959EEC-9570-417D-B005-100CC75907C4}.Release|Any CPU.ActiveCfg = Release|Any CPU
		{79959EEC-9570-417D-B005-100CC75907C4}.Release|Any CPU.Build.0 = Release|Any CPU
		{4C9D78E4-AA61-44FA-88B6-7F47A9F876EB}.Debug|Any CPU.ActiveCfg = Debug|Any CPU
		{4C9D78E4-AA61-44FA-88B6-7F47A9F876EB}.Debug|Any CPU.Build.0 = Debug|Any CPU
		{4C9D78E4-AA61-44FA-88B6-7F47A9F876EB}.Release|Any CPU.ActiveCfg = Release|Any CPU
		{4C9D78E4-AA61-44FA-88B6-7F47A9F876EB}.Release|Any CPU.Build.0 = Release|Any CPU
		{D7CFE5D3-AD50-4FA3-95FB-091CED06DAAB}.Debug|Any CPU.ActiveCfg = Debug|Any CPU
		{D7CFE5D3-AD50-4FA3-95FB-091CED06DAAB}.Debug|Any CPU.Build.0 = Debug|Any CPU
		{D7CFE5D3-AD50-4FA3-95FB-091CED06DAAB}.Release|Any CPU.ActiveCfg = Release|Any CPU
		{D7CFE5D3-AD50-4FA3-95FB-091CED06DAAB}.Release|Any CPU.Build.0 = Release|Any CPU
		{58725809-F3D5-407A-8DAF-8ED95D80899A}.Debug|Any CPU.ActiveCfg = Debug|Any CPU
		{58725809-F3D5-407A-8DAF-8ED95D80899A}.Debug|Any CPU.Build.0 = Debug|Any CPU
		{58725809-F3D5-407A-8DAF-8ED95D80899A}.Release|Any CPU.ActiveCfg = Release|Any CPU
		{58725809-F3D5-407A-8DAF-8ED95D80899A}.Release|Any CPU.Build.0 = Release|Any CPU
	EndGlobalSection
	GlobalSection(SolutionProperties) = preSolution
		HideSolutionNode = FALSE
	EndGlobalSection
	GlobalSection(ExtensibilityGlobals) = postSolution
		SolutionGuid = {A69BF26C-62B2-4C49-9E86-9821D97BB8AA}
	EndGlobalSection
EndGlobal
