
Microsoft Visual Studio Solution File, Format Version 12.00
# Visual Studio 14
VisualStudioVersion = 14.0.24720.0
MinimumVisualStudioVersion = 10.0.40219.1
Project("{FAE04EC0-301F-11D3-BF4B-00C04F79EFBC}") = "PangramAlphabetChallenge", "PangramAlphabetChallenge\PangramAlphabetChallenge.csproj", "{B6EDC1BA-C8B4-4F8F-80A1-6E3DF5107C80}"
EndProject
Project("{FAE04EC0-301F-11D3-BF4B-00C04F79EFBC}") = "HappyNumbers", "HappyNumbers\HappyNumbers.csproj", "{8BCA9852-719F-42EC-9D55-867D8994A226}"
EndProject
Project("{FAE04EC0-301F-11D3-BF4B-00C04F79EFBC}") = "SumNumbersOneToN", "SumNumbersOneToN\SumNumbersOneToN.csproj", "{4202C4E4-B52E-40D1-8D8A-F607558CEC9C}"
EndProject
Project("{FAE04EC0-301F-11D3-BF4B-00C04F79EFBC}") = "DiagonalDifference", "DiagonalDifference\DiagonalDifference.csproj", "{AB40CF52-DEFE-4071-8CE0-0C1CE29FC5F8}"
EndProject
Project("{FAE04EC0-301F-11D3-BF4B-00C04F79EFBC}") = "Staircase", "Staircase\Staircase.csproj", "{4ACCA364-8C31-4848-B12E-39B396B32225}"
EndProject
Project("{FAE04EC0-301F-11D3-BF4B-00C04F79EFBC}") = "FindElementInSortedRotatedArray", "FindElementInSortedRotatedArray\FindElementInSortedRotatedArray.csproj", "{31E41AFE-B87F-456A-897B-A9E90BC48548}"
EndProject
Project("{FAE04EC0-301F-11D3-BF4B-00C04F79EFBC}") = "TimeConversion", "TimeConversion\TimeConversion.csproj", "{36B1E013-3CE6-44BD-AEFF-4BA3F7FBFC3B}"
EndProject
Project("{FAE04EC0-301F-11D3-BF4B-00C04F79EFBC}") = "Palindrome Permutations", "Palindrome Permutations\Palindrome Permutations.csproj", "{DADC34FA-87B1-4763-BAC2-FCF9C9E9E2E1}"
EndProject
Project("{FAE04EC0-301F-11D3-BF4B-00C04F79EFBC}") = "StringPermutations", "StringPermutations\StringPermutations.csproj", "{9057C839-01C7-4B87-9784-5F59C8E87024}"
EndProject
Project("{FAE04EC0-301F-11D3-BF4B-00C04F79EFBC}") = "Palindrome", "Palindrome\Palindrome.csproj", "{29AA3DB5-CFE4-453A-AFAD-AF6D06BBA5D4}"
EndProject
Project("{FAE04EC0-301F-11D3-BF4B-00C04F79EFBC}") = "IsUniqueString", "IsUniqueString\IsUniqueString.csproj", "{89915C7A-2B3B-4597-AA61-30B511EBAE23}"
EndProject
Project("{FAE04EC0-301F-11D3-BF4B-00C04F79EFBC}") = "CheckPermutations", "CheckPermutations\CheckPermutations.csproj", "{C17600A2-10BF-4034-AE6A-50760C6BF0A6}"
EndProject
Project("{FAE04EC0-301F-11D3-BF4B-00C04F79EFBC}") = "FizzBuzz", "FizzBuzz\FizzBuzz\FizzBuzz.csproj", "{A2D91FE0-01B4-4AAA-BF25-59316073226C}"
EndProject
Global
	GlobalSection(SolutionConfigurationPlatforms) = preSolution
		Debug|Any CPU = Debug|Any CPU
		Release|Any CPU = Release|Any CPU
	EndGlobalSection
	GlobalSection(ProjectConfigurationPlatforms) = postSolution
		{B6EDC1BA-C8B4-4F8F-80A1-6E3DF5107C80}.Debug|Any CPU.ActiveCfg = Debug|Any CPU
		{B6EDC1BA-C8B4-4F8F-80A1-6E3DF5107C80}.Debug|Any CPU.Build.0 = Debug|Any CPU
		{B6EDC1BA-C8B4-4F8F-80A1-6E3DF5107C80}.Release|Any CPU.ActiveCfg = Release|Any CPU
		{B6EDC1BA-C8B4-4F8F-80A1-6E3DF5107C80}.Release|Any CPU.Build.0 = Release|Any CPU
		{8BCA9852-719F-42EC-9D55-867D8994A226}.Debug|Any CPU.ActiveCfg = Debug|Any CPU
		{8BCA9852-719F-42EC-9D55-867D8994A226}.Debug|Any CPU.Build.0 = Debug|Any CPU
		{8BCA9852-719F-42EC-9D55-867D8994A226}.Release|Any CPU.ActiveCfg = Release|Any CPU
		{8BCA9852-719F-42EC-9D55-867D8994A226}.Release|Any CPU.Build.0 = Release|Any CPU
		{4202C4E4-B52E-40D1-8D8A-F607558CEC9C}.Debug|Any CPU.ActiveCfg = Debug|Any CPU
		{4202C4E4-B52E-40D1-8D8A-F607558CEC9C}.Debug|Any CPU.Build.0 = Debug|Any CPU
		{4202C4E4-B52E-40D1-8D8A-F607558CEC9C}.Release|Any CPU.ActiveCfg = Release|Any CPU
		{4202C4E4-B52E-40D1-8D8A-F607558CEC9C}.Release|Any CPU.Build.0 = Release|Any CPU
		{AB40CF52-DEFE-4071-8CE0-0C1CE29FC5F8}.Debug|Any CPU.ActiveCfg = Debug|Any CPU
		{AB40CF52-DEFE-4071-8CE0-0C1CE29FC5F8}.Debug|Any CPU.Build.0 = Debug|Any CPU
		{AB40CF52-DEFE-4071-8CE0-0C1CE29FC5F8}.Release|Any CPU.ActiveCfg = Release|Any CPU
		{AB40CF52-DEFE-4071-8CE0-0C1CE29FC5F8}.Release|Any CPU.Build.0 = Release|Any CPU
		{4ACCA364-8C31-4848-B12E-39B396B32225}.Debug|Any CPU.ActiveCfg = Debug|Any CPU
		{4ACCA364-8C31-4848-B12E-39B396B32225}.Debug|Any CPU.Build.0 = Debug|Any CPU
		{4ACCA364-8C31-4848-B12E-39B396B32225}.Release|Any CPU.ActiveCfg = Release|Any CPU
		{4ACCA364-8C31-4848-B12E-39B396B32225}.Release|Any CPU.Build.0 = Release|Any CPU
		{31E41AFE-B87F-456A-897B-A9E90BC48548}.Debug|Any CPU.ActiveCfg = Debug|Any CPU
		{31E41AFE-B87F-456A-897B-A9E90BC48548}.Debug|Any CPU.Build.0 = Debug|Any CPU
		{31E41AFE-B87F-456A-897B-A9E90BC48548}.Release|Any CPU.ActiveCfg = Release|Any CPU
		{31E41AFE-B87F-456A-897B-A9E90BC48548}.Release|Any CPU.Build.0 = Release|Any CPU
		{36B1E013-3CE6-44BD-AEFF-4BA3F7FBFC3B}.Debug|Any CPU.ActiveCfg = Debug|Any CPU
		{36B1E013-3CE6-44BD-AEFF-4BA3F7FBFC3B}.Debug|Any CPU.Build.0 = Debug|Any CPU
		{36B1E013-3CE6-44BD-AEFF-4BA3F7FBFC3B}.Release|Any CPU.ActiveCfg = Release|Any CPU
		{36B1E013-3CE6-44BD-AEFF-4BA3F7FBFC3B}.Release|Any CPU.Build.0 = Release|Any CPU
		{DADC34FA-87B1-4763-BAC2-FCF9C9E9E2E1}.Debug|Any CPU.ActiveCfg = Debug|Any CPU
		{DADC34FA-87B1-4763-BAC2-FCF9C9E9E2E1}.Debug|Any CPU.Build.0 = Debug|Any CPU
		{DADC34FA-87B1-4763-BAC2-FCF9C9E9E2E1}.Release|Any CPU.ActiveCfg = Release|Any CPU
		{DADC34FA-87B1-4763-BAC2-FCF9C9E9E2E1}.Release|Any CPU.Build.0 = Release|Any CPU
		{9057C839-01C7-4B87-9784-5F59C8E87024}.Debug|Any CPU.ActiveCfg = Debug|Any CPU
		{9057C839-01C7-4B87-9784-5F59C8E87024}.Debug|Any CPU.Build.0 = Debug|Any CPU
		{9057C839-01C7-4B87-9784-5F59C8E87024}.Release|Any CPU.ActiveCfg = Release|Any CPU
		{9057C839-01C7-4B87-9784-5F59C8E87024}.Release|Any CPU.Build.0 = Release|Any CPU
		{29AA3DB5-CFE4-453A-AFAD-AF6D06BBA5D4}.Debug|Any CPU.ActiveCfg = Debug|Any CPU
		{29AA3DB5-CFE4-453A-AFAD-AF6D06BBA5D4}.Debug|Any CPU.Build.0 = Debug|Any CPU
		{29AA3DB5-CFE4-453A-AFAD-AF6D06BBA5D4}.Release|Any CPU.ActiveCfg = Release|Any CPU
		{29AA3DB5-CFE4-453A-AFAD-AF6D06BBA5D4}.Release|Any CPU.Build.0 = Release|Any CPU
		{89915C7A-2B3B-4597-AA61-30B511EBAE23}.Debug|Any CPU.ActiveCfg = Debug|Any CPU
		{89915C7A-2B3B-4597-AA61-30B511EBAE23}.Debug|Any CPU.Build.0 = Debug|Any CPU
		{89915C7A-2B3B-4597-AA61-30B511EBAE23}.Release|Any CPU.ActiveCfg = Release|Any CPU
		{89915C7A-2B3B-4597-AA61-30B511EBAE23}.Release|Any CPU.Build.0 = Release|Any CPU
		{C17600A2-10BF-4034-AE6A-50760C6BF0A6}.Debug|Any CPU.ActiveCfg = Debug|Any CPU
		{C17600A2-10BF-4034-AE6A-50760C6BF0A6}.Debug|Any CPU.Build.0 = Debug|Any CPU
		{C17600A2-10BF-4034-AE6A-50760C6BF0A6}.Release|Any CPU.ActiveCfg = Release|Any CPU
		{C17600A2-10BF-4034-AE6A-50760C6BF0A6}.Release|Any CPU.Build.0 = Release|Any CPU
		{A2D91FE0-01B4-4AAA-BF25-59316073226C}.Debug|Any CPU.ActiveCfg = Debug|Any CPU
		{A2D91FE0-01B4-4AAA-BF25-59316073226C}.Debug|Any CPU.Build.0 = Debug|Any CPU
		{A2D91FE0-01B4-4AAA-BF25-59316073226C}.Release|Any CPU.ActiveCfg = Release|Any CPU
		{A2D91FE0-01B4-4AAA-BF25-59316073226C}.Release|Any CPU.Build.0 = Release|Any CPU
	EndGlobalSection
	GlobalSection(SolutionProperties) = preSolution
		HideSolutionNode = FALSE
	EndGlobalSection
EndGlobal
